
Microsoft Visual Studio Solution File, Format Version 12.00
# Visual Studio Version 17
VisualStudioVersion = 17.9.34714.143
MinimumVisualStudioVersion = 10.0.40219.1
Project("{2150E333-8FDC-42A3-9474-1A3956D46DE8}") = "FrontEnd", "FrontEnd", "{C3337954-3930-4125-9E80-F913185A8E04}"
EndProject
Project("{2150E333-8FDC-42A3-9474-1A3956D46DE8}") = "Gateway", "Gateway", "{62CFB2BA-807B-4DA9-A4A2-22E365649222}"
EndProject
Project("{2150E333-8FDC-42A3-9474-1A3956D46DE8}") = "Integration", "Integration", "{514B6874-1221-4575-87BF-6F78323AAC9D}"
EndProject
Project("{2150E333-8FDC-42A3-9474-1A3956D46DE8}") = "Services", "Services", "{4C83F677-8E65-42D0-A4EB-EBFA8A730A2F}"
EndProject
Project("{9A19103F-16F7-4668-BE54-9A1E7A4F7556}") = "Mango.Services.CouponAPI", "Mango_Services.CouponAPI\Mango.Services.CouponAPI.csproj", "{D66E3387-E3AB-4707-A064-068E67E8D297}"
EndProject
Project("{9A19103F-16F7-4668-BE54-9A1E7A4F7556}") = "Mango.Web", "Mango.Web\Mango.Web.csproj", "{DD82B55E-0D02-45D7-BEF2-9129738D2448}"
EndProject
Project("{9A19103F-16F7-4668-BE54-9A1E7A4F7556}") = "Mango.Services.AuthAPI", "Mango.Services.AuthAPI\Mango.Services.AuthAPI.csproj", "{505295DC-1F61-415C-8E81-A2E7AB2356A2}"
EndProject
Project("{9A19103F-16F7-4668-BE54-9A1E7A4F7556}") = "Mango.Services.ProductAPI", "Mango.Services.ProductAPI\Mango.Services.ProductAPI.csproj", "{84AA6DD7-377F-4CE4-8E62-0729E5AAA7E3}"
EndProject
Project("{9A19103F-16F7-4668-BE54-9A1E7A4F7556}") = "Mango.Services.ShoppingCartAPI", "Mango.Services.ShoppingCartAPI\Mango.Services.ShoppingCartAPI.csproj", "{04FA6DE0-185F-4230-9819-5E1D30015198}"
EndProject
Project("{9A19103F-16F7-4668-BE54-9A1E7A4F7556}") = "Mango.MessageBus", "Mango.MessageBus\Mango.MessageBus.csproj", "{8AD10F24-6CAA-4C9F-AB28-549D4AF40C4E}"
EndProject
Project("{9A19103F-16F7-4668-BE54-9A1E7A4F7556}") = "Mango.Services.EmailAPI", "Mango.Services.EmailAPI\Mango.Services.EmailAPI.csproj", "{52BEA17E-5DF8-4CF4-B248-0F8101B9A0D0}"
EndProject
Project("{9A19103F-16F7-4668-BE54-9A1E7A4F7556}") = "Mango.Services.OrderAPI", "Mango.Services.OrderAPI\Mango.Services.OrderAPI.csproj", "{4AD304D7-9E2D-4E93-98DC-EA815C352D3A}"
EndProject
Project("{9A19103F-16F7-4668-BE54-9A1E7A4F7556}") = "Mango.Services.RewardAPI", "Mango.Services.RewardAPI\Mango.Services.RewardAPI.csproj", "{7597E343-BC0A-4714-9682-91333D10B35C}"
EndProject
Project("{9A19103F-16F7-4668-BE54-9A1E7A4F7556}") = "Mango.GatewaySolution", "Mango.GatewaySolution\Mango.GatewaySolution.csproj", "{EF7DBBE6-69B0-4459-802D-F7DC24F47D00}"
EndProject
Project("{9A19103F-16F7-4668-BE54-9A1E7A4F7556}") = "Mango.Services.CategoryAPI", "Mango.Services.CategoryAPI\Mango.Services.CategoryAPI.csproj", "{E8509AFC-49F5-4EFD-AAB6-A39A45B6D539}"
EndProject
Project("{FAE04EC0-301F-11D3-BF4B-00C04F79EFBC}") = "Mango.Services.FeedbackAPI", "Mango.Services.FeedbackAPI\Mango.Services.FeedbackAPI.csproj", "{600378A3-77A2-4331-9D9B-80093B3D1F1F}"
EndProject
Global
	GlobalSection(SolutionConfigurationPlatforms) = preSolution
		Debug|Any CPU = Debug|Any CPU
		Release|Any CPU = Release|Any CPU
	EndGlobalSection
	GlobalSection(ProjectConfigurationPlatforms) = postSolution
		{D66E3387-E3AB-4707-A064-068E67E8D297}.Debug|Any CPU.ActiveCfg = Debug|Any CPU
		{D66E3387-E3AB-4707-A064-068E67E8D297}.Debug|Any CPU.Build.0 = Debug|Any CPU
		{D66E3387-E3AB-4707-A064-068E67E8D297}.Release|Any CPU.ActiveCfg = Release|Any CPU
		{D66E3387-E3AB-4707-A064-068E67E8D297}.Release|Any CPU.Build.0 = Release|Any CPU
		{DD82B55E-0D02-45D7-BEF2-9129738D2448}.Debug|Any CPU.ActiveCfg = Debug|Any CPU
		{DD82B55E-0D02-45D7-BEF2-9129738D2448}.Debug|Any CPU.Build.0 = Debug|Any CPU
		{DD82B55E-0D02-45D7-BEF2-9129738D2448}.Release|Any CPU.ActiveCfg = Release|Any CPU
		{DD82B55E-0D02-45D7-BEF2-9129738D2448}.Release|Any CPU.Build.0 = Release|Any CPU
		{505295DC-1F61-415C-8E81-A2E7AB2356A2}.Debug|Any CPU.ActiveCfg = Debug|Any CPU
		{505295DC-1F61-415C-8E81-A2E7AB2356A2}.Debug|Any CPU.Build.0 = Debug|Any CPU
		{505295DC-1F61-415C-8E81-A2E7AB2356A2}.Release|Any CPU.ActiveCfg = Release|Any CPU
		{505295DC-1F61-415C-8E81-A2E7AB2356A2}.Release|Any CPU.Build.0 = Release|Any CPU
		{84AA6DD7-377F-4CE4-8E62-0729E5AAA7E3}.Debug|Any CPU.ActiveCfg = Debug|Any CPU
		{84AA6DD7-377F-4CE4-8E62-0729E5AAA7E3}.Debug|Any CPU.Build.0 = Debug|Any CPU
		{84AA6DD7-377F-4CE4-8E62-0729E5AAA7E3}.Release|Any CPU.ActiveCfg = Release|Any CPU
		{84AA6DD7-377F-4CE4-8E62-0729E5AAA7E3}.Release|Any CPU.Build.0 = Release|Any CPU
		{04FA6DE0-185F-4230-9819-5E1D30015198}.Debug|Any CPU.ActiveCfg = Debug|Any CPU
		{04FA6DE0-185F-4230-9819-5E1D30015198}.Debug|Any CPU.Build.0 = Debug|Any CPU
		{04FA6DE0-185F-4230-9819-5E1D30015198}.Release|Any CPU.ActiveCfg = Release|Any CPU
		{04FA6DE0-185F-4230-9819-5E1D30015198}.Release|Any CPU.Build.0 = Release|Any CPU
		{8AD10F24-6CAA-4C9F-AB28-549D4AF40C4E}.Debug|Any CPU.ActiveCfg = Debug|Any CPU
		{8AD10F24-6CAA-4C9F-AB28-549D4AF40C4E}.Debug|Any CPU.Build.0 = Debug|Any CPU
		{8AD10F24-6CAA-4C9F-AB28-549D4AF40C4E}.Release|Any CPU.ActiveCfg = Release|Any CPU
		{8AD10F24-6CAA-4C9F-AB28-549D4AF40C4E}.Release|Any CPU.Build.0 = Release|Any CPU
		{52BEA17E-5DF8-4CF4-B248-0F8101B9A0D0}.Debug|Any CPU.ActiveCfg = Debug|Any CPU
		{52BEA17E-5DF8-4CF4-B248-0F8101B9A0D0}.Debug|Any CPU.Build.0 = Debug|Any CPU
		{52BEA17E-5DF8-4CF4-B248-0F8101B9A0D0}.Release|Any CPU.ActiveCfg = Release|Any CPU
		{52BEA17E-5DF8-4CF4-B248-0F8101B9A0D0}.Release|Any CPU.Build.0 = Release|Any CPU
		{4AD304D7-9E2D-4E93-98DC-EA815C352D3A}.Debug|Any CPU.ActiveCfg = Debug|Any CPU
		{4AD304D7-9E2D-4E93-98DC-EA815C352D3A}.Debug|Any CPU.Build.0 = Debug|Any CPU
		{4AD304D7-9E2D-4E93-98DC-EA815C352D3A}.Release|Any CPU.ActiveCfg = Release|Any CPU
		{4AD304D7-9E2D-4E93-98DC-EA815C352D3A}.Release|Any CPU.Build.0 = Release|Any CPU
		{7597E343-BC0A-4714-9682-91333D10B35C}.Debug|Any CPU.ActiveCfg = Debug|Any CPU
		{7597E343-BC0A-4714-9682-91333D10B35C}.Debug|Any CPU.Build.0 = Debug|Any CPU
		{7597E343-BC0A-4714-9682-91333D10B35C}.Release|Any CPU.ActiveCfg = Release|Any CPU
		{7597E343-BC0A-4714-9682-91333D10B35C}.Release|Any CPU.Build.0 = Release|Any CPU
		{EF7DBBE6-69B0-4459-802D-F7DC24F47D00}.Debug|Any CPU.ActiveCfg = Debug|Any CPU
		{EF7DBBE6-69B0-4459-802D-F7DC24F47D00}.Debug|Any CPU.Build.0 = Debug|Any CPU
		{EF7DBBE6-69B0-4459-802D-F7DC24F47D00}.Release|Any CPU.ActiveCfg = Release|Any CPU
		{EF7DBBE6-69B0-4459-802D-F7DC24F47D00}.Release|Any CPU.Build.0 = Release|Any CPU
		{E8509AFC-49F5-4EFD-AAB6-A39A45B6D539}.Debug|Any CPU.ActiveCfg = Debug|Any CPU
		{E8509AFC-49F5-4EFD-AAB6-A39A45B6D539}.Debug|Any CPU.Build.0 = Debug|Any CPU
		{E8509AFC-49F5-4EFD-AAB6-A39A45B6D539}.Release|Any CPU.ActiveCfg = Release|Any CPU
		{E8509AFC-49F5-4EFD-AAB6-A39A45B6D539}.Release|Any CPU.Build.0 = Release|Any CPU
		{600378A3-77A2-4331-9D9B-80093B3D1F1F}.Debug|Any CPU.ActiveCfg = Debug|Any CPU
		{600378A3-77A2-4331-9D9B-80093B3D1F1F}.Debug|Any CPU.Build.0 = Debug|Any CPU
		{600378A3-77A2-4331-9D9B-80093B3D1F1F}.Release|Any CPU.ActiveCfg = Release|Any CPU
		{600378A3-77A2-4331-9D9B-80093B3D1F1F}.Release|Any CPU.Build.0 = Release|Any CPU
	EndGlobalSection
	GlobalSection(SolutionProperties) = preSolution
		HideSolutionNode = FALSE
	EndGlobalSection
	GlobalSection(NestedProjects) = preSolution
		{D66E3387-E3AB-4707-A064-068E67E8D297} = {4C83F677-8E65-42D0-A4EB-EBFA8A730A2F}
		{DD82B55E-0D02-45D7-BEF2-9129738D2448} = {C3337954-3930-4125-9E80-F913185A8E04}
		{505295DC-1F61-415C-8E81-A2E7AB2356A2} = {4C83F677-8E65-42D0-A4EB-EBFA8A730A2F}
		{84AA6DD7-377F-4CE4-8E62-0729E5AAA7E3} = {4C83F677-8E65-42D0-A4EB-EBFA8A730A2F}
		{04FA6DE0-185F-4230-9819-5E1D30015198} = {4C83F677-8E65-42D0-A4EB-EBFA8A730A2F}
		{8AD10F24-6CAA-4C9F-AB28-549D4AF40C4E} = {514B6874-1221-4575-87BF-6F78323AAC9D}
		{52BEA17E-5DF8-4CF4-B248-0F8101B9A0D0} = {4C83F677-8E65-42D0-A4EB-EBFA8A730A2F}
		{4AD304D7-9E2D-4E93-98DC-EA815C352D3A} = {4C83F677-8E65-42D0-A4EB-EBFA8A730A2F}
		{7597E343-BC0A-4714-9682-91333D10B35C} = {4C83F677-8E65-42D0-A4EB-EBFA8A730A2F}
		{EF7DBBE6-69B0-4459-802D-F7DC24F47D00} = {62CFB2BA-807B-4DA9-A4A2-22E365649222}
		{E8509AFC-49F5-4EFD-AAB6-A39A45B6D539} = {4C83F677-8E65-42D0-A4EB-EBFA8A730A2F}
		{600378A3-77A2-4331-9D9B-80093B3D1F1F} = {4C83F677-8E65-42D0-A4EB-EBFA8A730A2F}
	EndGlobalSection
	GlobalSection(ExtensibilityGlobals) = postSolution
		SolutionGuid = {1841B9D2-E51A-4CB3-89C6-FD6764BC67F5}
	EndGlobalSection
EndGlobal
